
Microsoft Visual Studio Solution File, Format Version 12.00
# Visual Studio Version 17
VisualStudioVersion = 17.7.34031.279
MinimumVisualStudioVersion = 10.0.40219.1
Project("{9A19103F-16F7-4668-BE54-9A1E7A4F7556}") = "ApplicationTP4", "ApplicationTP4\ApplicationTP4.csproj", "{60142062-48BC-4797-A6D2-2EAF25C9889E}"
EndProject
Global
	GlobalSection(SolutionConfigurationPlatforms) = preSolution
		Debug|Any CPU = Debug|Any CPU
		Release|Any CPU = Release|Any CPU
	EndGlobalSection
	GlobalSection(ProjectConfigurationPlatforms) = postSolution
		{60142062-48BC-4797-A6D2-2EAF25C9889E}.Debug|Any CPU.ActiveCfg = Debug|Any CPU
		{60142062-48BC-4797-A6D2-2EAF25C9889E}.Debug|Any CPU.Build.0 = Debug|Any CPU
		{60142062-48BC-4797-A6D2-2EAF25C9889E}.Release|Any CPU.ActiveCfg = Release|Any CPU
		{60142062-48BC-4797-A6D2-2EAF25C9889E}.Release|Any CPU.Build.0 = Release|Any CPU
	EndGlobalSection
	GlobalSection(SolutionProperties) = preSolution
		HideSolutionNode = FALSE
	EndGlobalSection
	GlobalSection(ExtensibilityGlobals) = postSolution
		SolutionGuid = {633F9C1D-015A-4783-8965-80D9E1AD6049}
	EndGlobalSection
EndGlobal
